
Microsoft Visual Studio Solution File, Format Version 12.00
# Visual Studio 2012
Project("{FAE04EC0-301F-11D3-BF4B-00C04F79EFBC}") = "MD5-c0692688", "MD5-c0692688\MD5-c0692688.csproj", "{C7820168-1C53-4868-B4E8-D8CAC7B8B84E}"
EndProject
Global
	GlobalSection(SolutionConfigurationPlatforms) = preSolution
		Debug|Any CPU = Debug|Any CPU
		Release|Any CPU = Release|Any CPU
	EndGlobalSection
	GlobalSection(ProjectConfigurationPlatforms) = postSolution
		{C7820168-1C53-4868-B4E8-D8CAC7B8B84E}.Debug|Any CPU.ActiveCfg = Debug|Any CPU
		{C7820168-1C53-4868-B4E8-D8CAC7B8B84E}.Debug|Any CPU.Build.0 = Debug|Any CPU
		{C7820168-1C53-4868-B4E8-D8CAC7B8B84E}.Release|Any CPU.ActiveCfg = Release|Any CPU
		{C7820168-1C53-4868-B4E8-D8CAC7B8B84E}.Release|Any CPU.Build.0 = Release|Any CPU
	EndGlobalSection
EndGlobal
